
Microsoft Visual Studio Solution File, Format Version 12.00
# Visual Studio 2012
Project("{FAE04EC0-301F-11D3-BF4B-00C04F79EFBC}") = "GiM", "GiM\GiM.csproj", "{8CF659B5-94A8-4F28-98E2-AD8A798319B8}"
EndProject
Project("{FAE04EC0-301F-11D3-BF4B-00C04F79EFBC}") = "GiM.Classes", "GiM.Classes\GiM.Classes.csproj", "{65EB93C4-42E6-4B0E-A57C-CB6E6C899AD4}"
EndProject
Global
	GlobalSection(SolutionConfigurationPlatforms) = preSolution
		Debug|Any CPU = Debug|Any CPU
		Release|Any CPU = Release|Any CPU
	EndGlobalSection
	GlobalSection(ProjectConfigurationPlatforms) = postSolution
		{8CF659B5-94A8-4F28-98E2-AD8A798319B8}.Debug|Any CPU.ActiveCfg = Debug|Any CPU
		{8CF659B5-94A8-4F28-98E2-AD8A798319B8}.Debug|Any CPU.Build.0 = Debug|Any CPU
		{8CF659B5-94A8-4F28-98E2-AD8A798319B8}.Release|Any CPU.ActiveCfg = Release|Any CPU
		{8CF659B5-94A8-4F28-98E2-AD8A798319B8}.Release|Any CPU.Build.0 = Release|Any CPU
		{65EB93C4-42E6-4B0E-A57C-CB6E6C899AD4}.Debug|Any CPU.ActiveCfg = Debug|Any CPU
		{65EB93C4-42E6-4B0E-A57C-CB6E6C899AD4}.Debug|Any CPU.Build.0 = Debug|Any CPU
		{65EB93C4-42E6-4B0E-A57C-CB6E6C899AD4}.Release|Any CPU.ActiveCfg = Release|Any CPU
		{65EB93C4-42E6-4B0E-A57C-CB6E6C899AD4}.Release|Any CPU.Build.0 = Release|Any CPU
	EndGlobalSection
	GlobalSection(SolutionProperties) = preSolution
		HideSolutionNode = FALSE
	EndGlobalSection
EndGlobal
